
Microsoft Visual Studio Solution File, Format Version 12.00
# Visual Studio 15
VisualStudioVersion = 15.0.28010.2019
MinimumVisualStudioVersion = 10.0.40219.1
Project("{FAE04EC0-301F-11D3-BF4B-00C04F79EFBC}") = "Genetics", "Genetics\Genetics.csproj", "{F4BF0059-2645-4E4A-A827-13AE6F6DEDF0}"
EndProject
Global
	GlobalSection(SolutionConfigurationPlatforms) = preSolution
		Debug|Any CPU = Debug|Any CPU
		Release|Any CPU = Release|Any CPU
	EndGlobalSection
	GlobalSection(ProjectConfigurationPlatforms) = postSolution
		{F4BF0059-2645-4E4A-A827-13AE6F6DEDF0}.Debug|Any CPU.ActiveCfg = Debug|Any CPU
		{F4BF0059-2645-4E4A-A827-13AE6F6DEDF0}.Debug|Any CPU.Build.0 = Debug|Any CPU
		{F4BF0059-2645-4E4A-A827-13AE6F6DEDF0}.Release|Any CPU.ActiveCfg = Release|Any CPU
		{F4BF0059-2645-4E4A-A827-13AE6F6DEDF0}.Release|Any CPU.Build.0 = Release|Any CPU
	EndGlobalSection
	GlobalSection(SolutionProperties) = preSolution
		HideSolutionNode = FALSE
	EndGlobalSection
	GlobalSection(ExtensibilityGlobals) = postSolution
		SolutionGuid = {420A5E85-5926-47C4-948B-01410E10F48B}
	EndGlobalSection
EndGlobal
